
Microsoft Visual Studio Solution File, Format Version 12.00
# Visual Studio Version 16
VisualStudioVersion = 16.0.31515.178
MinimumVisualStudioVersion = 10.0.40219.1
Project("{FAE04EC0-301F-11D3-BF4B-00C04F79EFBC}") = "challenge01", "challenge01\challenge01.csproj", "{F3B9CE61-161F-43A2-B8B3-36200AA987E0}"
EndProject
Project("{FAE04EC0-301F-11D3-BF4B-00C04F79EFBC}") = "baseballgame", "baseballgame\baseballgame.csproj", "{48EAFBDC-2E55-4AA3-BF06-BC098C453294}"
EndProject
Global
	GlobalSection(SolutionConfigurationPlatforms) = preSolution
		Debug|Any CPU = Debug|Any CPU
		Release|Any CPU = Release|Any CPU
	EndGlobalSection
	GlobalSection(ProjectConfigurationPlatforms) = postSolution
		{F3B9CE61-161F-43A2-B8B3-36200AA987E0}.Debug|Any CPU.ActiveCfg = Debug|Any CPU
		{F3B9CE61-161F-43A2-B8B3-36200AA987E0}.Debug|Any CPU.Build.0 = Debug|Any CPU
		{F3B9CE61-161F-43A2-B8B3-36200AA987E0}.Release|Any CPU.ActiveCfg = Release|Any CPU
		{F3B9CE61-161F-43A2-B8B3-36200AA987E0}.Release|Any CPU.Build.0 = Release|Any CPU
		{48EAFBDC-2E55-4AA3-BF06-BC098C453294}.Debug|Any CPU.ActiveCfg = Debug|Any CPU
		{48EAFBDC-2E55-4AA3-BF06-BC098C453294}.Debug|Any CPU.Build.0 = Debug|Any CPU
		{48EAFBDC-2E55-4AA3-BF06-BC098C453294}.Release|Any CPU.ActiveCfg = Release|Any CPU
		{48EAFBDC-2E55-4AA3-BF06-BC098C453294}.Release|Any CPU.Build.0 = Release|Any CPU
	EndGlobalSection
	GlobalSection(SolutionProperties) = preSolution
		HideSolutionNode = FALSE
	EndGlobalSection
	GlobalSection(ExtensibilityGlobals) = postSolution
		SolutionGuid = {BCFAEDE0-360D-4452-A0E4-83A2CEA4D5A3}
	EndGlobalSection
EndGlobal
