
Microsoft Visual Studio Solution File, Format Version 12.00
# Visual Studio Version 16
VisualStudioVersion = 16.0.31515.178
MinimumVisualStudioVersion = 10.0.40219.1
Project("{FAE04EC0-301F-11D3-BF4B-00C04F79EFBC}") = "challenge01", "challenge01\challenge01.csproj", "{F3B9CE61-161F-43A2-B8B3-36200AA987E0}"
EndProject
Project("{FAE04EC0-301F-11D3-BF4B-00C04F79EFBC}") = "baseballgame", "baseballgame\baseballgame.csproj", "{48EAFBDC-2E55-4AA3-BF06-BC098C453294}"
EndProject
Project("{FAE04EC0-301F-11D3-BF4B-00C04F79EFBC}") = "testClass", "testClass\testClass.csproj", "{7C9A7C68-5180-4F14-8290-A6D2E341C1FB}"
EndProject
Project("{FAE04EC0-301F-11D3-BF4B-00C04F79EFBC}") = "lotto", "lotto\lotto.csproj", "{8D57A19B-6E22-4930-B726-B1EF06F73664}"
EndProject
Project("{FAE04EC0-301F-11D3-BF4B-00C04F79EFBC}") = "Date", "Date\Date.csproj", "{AC008E6E-FF67-4DE5-A09F-725EF9A7E273}"
EndProject
Project("{FAE04EC0-301F-11D3-BF4B-00C04F79EFBC}") = "FormEvent", "FormEvent\FormEvent.csproj", "{4DECE88C-7362-412D-898D-D52C5A3625A1}"
EndProject
Project("{FAE04EC0-301F-11D3-BF4B-00C04F79EFBC}") = "SerialBase", "SerialBase\SerialBase.csproj", "{840C38B1-BCEC-4D5B-B348-A4AD5A5EFEE0}"
EndProject
Project("{FAE04EC0-301F-11D3-BF4B-00C04F79EFBC}") = "Calculator", "Calculator\Calculator.csproj", "{9FA4ADF5-F7FE-4156-94DA-FFE2C700DDA7}"
EndProject
Project("{FAE04EC0-301F-11D3-BF4B-00C04F79EFBC}") = "SimpleDataManager", "SimpleDataManager\SimpleDataManager.csproj", "{FEA8E4BE-7D3D-4DC2-87D7-B9665840F0CE}"
EndProject
Project("{FAE04EC0-301F-11D3-BF4B-00C04F79EFBC}") = "ScoreData", "ScoreData\ScoreData.csproj", "{AE72F5B4-B5C6-489E-9F4D-BF382C061E5E}"
EndProject
Project("{FAE04EC0-301F-11D3-BF4B-00C04F79EFBC}") = "raspberry_led", "raspberry_led\raspberry_led.csproj", "{607CD85A-F4CA-4C20-A299-0688D9630D3D}"
EndProject
Project("{FAE04EC0-301F-11D3-BF4B-00C04F79EFBC}") = "chart01", "chart01\chart01.csproj", "{C39D0992-BFDD-43F5-B1B8-955DB9C1EFD4}"
EndProject
Global
	GlobalSection(SolutionConfigurationPlatforms) = preSolution
		Debug|Any CPU = Debug|Any CPU
		Release|Any CPU = Release|Any CPU
	EndGlobalSection
	GlobalSection(ProjectConfigurationPlatforms) = postSolution
		{F3B9CE61-161F-43A2-B8B3-36200AA987E0}.Debug|Any CPU.ActiveCfg = Debug|Any CPU
		{F3B9CE61-161F-43A2-B8B3-36200AA987E0}.Debug|Any CPU.Build.0 = Debug|Any CPU
		{F3B9CE61-161F-43A2-B8B3-36200AA987E0}.Release|Any CPU.ActiveCfg = Release|Any CPU
		{F3B9CE61-161F-43A2-B8B3-36200AA987E0}.Release|Any CPU.Build.0 = Release|Any CPU
		{48EAFBDC-2E55-4AA3-BF06-BC098C453294}.Debug|Any CPU.ActiveCfg = Debug|Any CPU
		{48EAFBDC-2E55-4AA3-BF06-BC098C453294}.Debug|Any CPU.Build.0 = Debug|Any CPU
		{48EAFBDC-2E55-4AA3-BF06-BC098C453294}.Release|Any CPU.ActiveCfg = Release|Any CPU
		{48EAFBDC-2E55-4AA3-BF06-BC098C453294}.Release|Any CPU.Build.0 = Release|Any CPU
		{7C9A7C68-5180-4F14-8290-A6D2E341C1FB}.Debug|Any CPU.ActiveCfg = Debug|Any CPU
		{7C9A7C68-5180-4F14-8290-A6D2E341C1FB}.Debug|Any CPU.Build.0 = Debug|Any CPU
		{7C9A7C68-5180-4F14-8290-A6D2E341C1FB}.Release|Any CPU.ActiveCfg = Release|Any CPU
		{7C9A7C68-5180-4F14-8290-A6D2E341C1FB}.Release|Any CPU.Build.0 = Release|Any CPU
		{8D57A19B-6E22-4930-B726-B1EF06F73664}.Debug|Any CPU.ActiveCfg = Debug|Any CPU
		{8D57A19B-6E22-4930-B726-B1EF06F73664}.Debug|Any CPU.Build.0 = Debug|Any CPU
		{8D57A19B-6E22-4930-B726-B1EF06F73664}.Release|Any CPU.ActiveCfg = Release|Any CPU
		{8D57A19B-6E22-4930-B726-B1EF06F73664}.Release|Any CPU.Build.0 = Release|Any CPU
		{AC008E6E-FF67-4DE5-A09F-725EF9A7E273}.Debug|Any CPU.ActiveCfg = Debug|Any CPU
		{AC008E6E-FF67-4DE5-A09F-725EF9A7E273}.Debug|Any CPU.Build.0 = Debug|Any CPU
		{AC008E6E-FF67-4DE5-A09F-725EF9A7E273}.Release|Any CPU.ActiveCfg = Release|Any CPU
		{AC008E6E-FF67-4DE5-A09F-725EF9A7E273}.Release|Any CPU.Build.0 = Release|Any CPU
		{4DECE88C-7362-412D-898D-D52C5A3625A1}.Debug|Any CPU.ActiveCfg = Debug|Any CPU
		{4DECE88C-7362-412D-898D-D52C5A3625A1}.Debug|Any CPU.Build.0 = Debug|Any CPU
		{4DECE88C-7362-412D-898D-D52C5A3625A1}.Release|Any CPU.ActiveCfg = Release|Any CPU
		{4DECE88C-7362-412D-898D-D52C5A3625A1}.Release|Any CPU.Build.0 = Release|Any CPU
		{840C38B1-BCEC-4D5B-B348-A4AD5A5EFEE0}.Debug|Any CPU.ActiveCfg = Debug|Any CPU
		{840C38B1-BCEC-4D5B-B348-A4AD5A5EFEE0}.Debug|Any CPU.Build.0 = Debug|Any CPU
		{840C38B1-BCEC-4D5B-B348-A4AD5A5EFEE0}.Release|Any CPU.ActiveCfg = Release|Any CPU
		{840C38B1-BCEC-4D5B-B348-A4AD5A5EFEE0}.Release|Any CPU.Build.0 = Release|Any CPU
		{9FA4ADF5-F7FE-4156-94DA-FFE2C700DDA7}.Debug|Any CPU.ActiveCfg = Debug|Any CPU
		{9FA4ADF5-F7FE-4156-94DA-FFE2C700DDA7}.Debug|Any CPU.Build.0 = Debug|Any CPU
		{9FA4ADF5-F7FE-4156-94DA-FFE2C700DDA7}.Release|Any CPU.ActiveCfg = Release|Any CPU
		{9FA4ADF5-F7FE-4156-94DA-FFE2C700DDA7}.Release|Any CPU.Build.0 = Release|Any CPU
		{FEA8E4BE-7D3D-4DC2-87D7-B9665840F0CE}.Debug|Any CPU.ActiveCfg = Debug|Any CPU
		{FEA8E4BE-7D3D-4DC2-87D7-B9665840F0CE}.Debug|Any CPU.Build.0 = Debug|Any CPU
		{FEA8E4BE-7D3D-4DC2-87D7-B9665840F0CE}.Release|Any CPU.ActiveCfg = Release|Any CPU
		{FEA8E4BE-7D3D-4DC2-87D7-B9665840F0CE}.Release|Any CPU.Build.0 = Release|Any CPU
		{AE72F5B4-B5C6-489E-9F4D-BF382C061E5E}.Debug|Any CPU.ActiveCfg = Debug|Any CPU
		{AE72F5B4-B5C6-489E-9F4D-BF382C061E5E}.Debug|Any CPU.Build.0 = Debug|Any CPU
		{AE72F5B4-B5C6-489E-9F4D-BF382C061E5E}.Release|Any CPU.ActiveCfg = Release|Any CPU
		{AE72F5B4-B5C6-489E-9F4D-BF382C061E5E}.Release|Any CPU.Build.0 = Release|Any CPU
		{607CD85A-F4CA-4C20-A299-0688D9630D3D}.Debug|Any CPU.ActiveCfg = Debug|Any CPU
		{607CD85A-F4CA-4C20-A299-0688D9630D3D}.Debug|Any CPU.Build.0 = Debug|Any CPU
		{607CD85A-F4CA-4C20-A299-0688D9630D3D}.Release|Any CPU.ActiveCfg = Release|Any CPU
		{607CD85A-F4CA-4C20-A299-0688D9630D3D}.Release|Any CPU.Build.0 = Release|Any CPU
		{C39D0992-BFDD-43F5-B1B8-955DB9C1EFD4}.Debug|Any CPU.ActiveCfg = Debug|Any CPU
		{C39D0992-BFDD-43F5-B1B8-955DB9C1EFD4}.Debug|Any CPU.Build.0 = Debug|Any CPU
		{C39D0992-BFDD-43F5-B1B8-955DB9C1EFD4}.Release|Any CPU.ActiveCfg = Release|Any CPU
		{C39D0992-BFDD-43F5-B1B8-955DB9C1EFD4}.Release|Any CPU.Build.0 = Release|Any CPU
	EndGlobalSection
	GlobalSection(SolutionProperties) = preSolution
		HideSolutionNode = FALSE
	EndGlobalSection
	GlobalSection(ExtensibilityGlobals) = postSolution
		SolutionGuid = {BCFAEDE0-360D-4452-A0E4-83A2CEA4D5A3}
	EndGlobalSection
EndGlobal
